{
  "name": "ktp-parse",
  "version": "0.0.1",
  "lockfileVersion": 2,
  "requires": true,
  "packages": {
    "": {
      "name": "ktp-parse",
      "version": "0.0.1",
      "license": "ISC",
      "dependencies": {
        "@rahadiana/node_response_standard": "^0.0.2",
        "nik-parser": "github:rahadiana/nik_parser.ts#prod"
      }
    },
    "node_modules/@rahadiana/node_response_standard": {
      "version": "0.0.2",
      "resolved": "https://registry.npmjs.org/@rahadiana/node_response_standard/-/node_response_standard-0.0.2.tgz",
      "integrity": "sha512-AqTJmXkkFBjIuBoSmPICSR9Skm8eyb4Rv9OW8q+TUF4hJU/hK33MW6EbTtkBXX1Blaj5k/rBb0RILZw2Waj/eA=="
    },
    "node_modules/nik-parser": {
      "version": "1.0.1",
      "resolved": "git+ssh://git@github.com/rahadiana/nik_parser.ts.git#24d73c2d76b158b822cec79544d52e03f59e9f7b",
      "license": "MIT"
    }
  },
  "dependencies": {
    "@rahadiana/node_response_standard": {
      "version": "0.0.2",
      "resolved": "https://registry.npmjs.org/@rahadiana/node_response_standard/-/node_response_standard-0.0.2.tgz",
      "integrity": "sha512-AqTJmXkkFBjIuBoSmPICSR9Skm8eyb4Rv9OW8q+TUF4hJU/hK33MW6EbTtkBXX1Blaj5k/rBb0RILZw2Waj/eA=="
    },
    "nik-parser": {
      "version": "git+ssh://git@github.com/rahadiana/nik_parser.ts.git#24d73c2d76b158b822cec79544d52e03f59e9f7b",
      "from": "nik-parser@github:rahadiana/nik_parser.ts#prod"
    }
  }
}
